
Microsoft Visual Studio Solution File, Format Version 12.00
# Visual Studio Version 17
VisualStudioVersion = 17.14.36202.13 d17.14
MinimumVisualStudioVersion = 10.0.40219.1
Project("{FAE04EC0-301F-11D3-BF4B-00C04F79EFBC}") = "REMS", "REMS.csproj", "{F92A99D0-5A20-458F-9F3B-F21933C8E445}"
EndProject
Global
	GlobalSection(SolutionConfigurationPlatforms) = preSolution
		Debug|Any CPU = Debug|Any CPU
		Release|Any CPU = Release|Any CPU
	EndGlobalSection
	GlobalSection(ProjectConfigurationPlatforms) = postSolution
		{F92A99D0-5A20-458F-9F3B-F21933C8E445}.Debug|Any CPU.ActiveCfg = Debug|Any CPU
		{F92A99D0-5A20-458F-9F3B-F21933C8E445}.Debug|Any CPU.Build.0 = Debug|Any CPU
		{F92A99D0-5A20-458F-9F3B-F21933C8E445}.Release|Any CPU.ActiveCfg = Release|Any CPU
		{F92A99D0-5A20-458F-9F3B-F21933C8E445}.Release|Any CPU.Build.0 = Release|Any CPU
	EndGlobalSection
	GlobalSection(SolutionProperties) = preSolution
		HideSolutionNode = FALSE
	EndGlobalSection
	GlobalSection(ExtensibilityGlobals) = postSolution
		SolutionGuid = {5E253693-5EEF-4AD1-B01D-0609B3236557}
	EndGlobalSection
EndGlobal
